
Microsoft Visual Studio Solution File, Format Version 12.00
# Visual Studio Version 17
VisualStudioVersion = 17.9.34723.18
MinimumVisualStudioVersion = 10.0.40219.1
Project("{FAE04EC0-301F-11D3-BF4B-00C04F79EFBC}") = "Task1", "Task1\Task1.csproj", "{4A6E7F52-BD0B-4546-9164-399EB77AB5C3}"
EndProject
Project("{FAE04EC0-301F-11D3-BF4B-00C04F79EFBC}") = "Task2", "Task2\Task2.csproj", "{1D86FA19-6354-4DD9-A9AF-066B99C49DBC}"
EndProject
Project("{FAE04EC0-301F-11D3-BF4B-00C04F79EFBC}") = "Task3", "Task3\Task3.csproj", "{0A9B7826-7B15-45E6-9F95-DD8EE2C41144}"
EndProject
Project("{FAE04EC0-301F-11D3-BF4B-00C04F79EFBC}") = "Task4(additional)", "Task4(additional)\Task4(additional).csproj", "{C1DFDAC7-BAA7-4757-8ADA-BED71314C2FE}"
EndProject
Global
	GlobalSection(SolutionConfigurationPlatforms) = preSolution
		Debug|Any CPU = Debug|Any CPU
		Release|Any CPU = Release|Any CPU
	EndGlobalSection
	GlobalSection(ProjectConfigurationPlatforms) = postSolution
		{4A6E7F52-BD0B-4546-9164-399EB77AB5C3}.Debug|Any CPU.ActiveCfg = Debug|Any CPU
		{4A6E7F52-BD0B-4546-9164-399EB77AB5C3}.Debug|Any CPU.Build.0 = Debug|Any CPU
		{4A6E7F52-BD0B-4546-9164-399EB77AB5C3}.Release|Any CPU.ActiveCfg = Release|Any CPU
		{4A6E7F52-BD0B-4546-9164-399EB77AB5C3}.Release|Any CPU.Build.0 = Release|Any CPU
		{1D86FA19-6354-4DD9-A9AF-066B99C49DBC}.Debug|Any CPU.ActiveCfg = Debug|Any CPU
		{1D86FA19-6354-4DD9-A9AF-066B99C49DBC}.Debug|Any CPU.Build.0 = Debug|Any CPU
		{1D86FA19-6354-4DD9-A9AF-066B99C49DBC}.Release|Any CPU.ActiveCfg = Release|Any CPU
		{1D86FA19-6354-4DD9-A9AF-066B99C49DBC}.Release|Any CPU.Build.0 = Release|Any CPU
		{0A9B7826-7B15-45E6-9F95-DD8EE2C41144}.Debug|Any CPU.ActiveCfg = Debug|Any CPU
		{0A9B7826-7B15-45E6-9F95-DD8EE2C41144}.Debug|Any CPU.Build.0 = Debug|Any CPU
		{0A9B7826-7B15-45E6-9F95-DD8EE2C41144}.Release|Any CPU.ActiveCfg = Release|Any CPU
		{0A9B7826-7B15-45E6-9F95-DD8EE2C41144}.Release|Any CPU.Build.0 = Release|Any CPU
		{C1DFDAC7-BAA7-4757-8ADA-BED71314C2FE}.Debug|Any CPU.ActiveCfg = Debug|Any CPU
		{C1DFDAC7-BAA7-4757-8ADA-BED71314C2FE}.Debug|Any CPU.Build.0 = Debug|Any CPU
		{C1DFDAC7-BAA7-4757-8ADA-BED71314C2FE}.Release|Any CPU.ActiveCfg = Release|Any CPU
		{C1DFDAC7-BAA7-4757-8ADA-BED71314C2FE}.Release|Any CPU.Build.0 = Release|Any CPU
	EndGlobalSection
	GlobalSection(SolutionProperties) = preSolution
		HideSolutionNode = FALSE
	EndGlobalSection
	GlobalSection(ExtensibilityGlobals) = postSolution
		SolutionGuid = {E47B57F6-831F-4771-B8E2-3194536709F0}
	EndGlobalSection
EndGlobal
